{
  "name": "example",
  "version": "1.0.0",
  "lockfileVersion": 2,
  "requires": true,
  "packages": {
    "": {
      "name": "example",
      "version": "1.0.0",
      "license": "ISC",
      "dependencies": {
        "nulldot.js": "^0.1.6"
      }
    },
    "node_modules/nulldot.js": {
      "version": "0.1.6",
      "resolved": "https://registry.npmjs.org/nulldot.js/-/nulldot.js-0.1.6.tgz",
      "integrity": "sha512-409NWDMxFVxWM2J+0sMfQuEEnlNcsRN6ZghIDmyIKdmKn0pCbLtU5XIpwgG2Du9VAm9FxoLZjXbxVYgkTdBKKg==",
      "engines": {
        "node": ">=10"
      }
    }
  },
  "dependencies": {
    "nulldot.js": {
      "version": "0.1.6",
      "resolved": "https://registry.npmjs.org/nulldot.js/-/nulldot.js-0.1.6.tgz",
      "integrity": "sha512-409NWDMxFVxWM2J+0sMfQuEEnlNcsRN6ZghIDmyIKdmKn0pCbLtU5XIpwgG2Du9VAm9FxoLZjXbxVYgkTdBKKg=="
    }
  }
}
