{
  "name": "example",
  "version": "1.0.0",
  "lockfileVersion": 2,
  "requires": true,
  "packages": {
    "": {
      "name": "example",
      "version": "1.0.0",
      "license": "ISC",
      "dependencies": {
        "nulldot.js": "^0.1.7"
      }
    },
    "node_modules/nulldot.js": {
      "version": "0.1.7",
      "resolved": "https://registry.npmjs.org/nulldot.js/-/nulldot.js-0.1.7.tgz",
      "integrity": "sha512-XfyWmsHDxvKhYiThwmE/2KiRFw1wFm+crn5pNDhB/DlTlAxH5et9LNrBToADc5hp0HpTOs/hXVFjQSjy8D5NWA==",
      "dependencies": {
        "nulldot.js": "^0.1.6"
      },
      "engines": {
        "node": ">=10"
      }
    }
  },
  "dependencies": {
    "nulldot.js": {
      "version": "0.1.7",
      "resolved": "https://registry.npmjs.org/nulldot.js/-/nulldot.js-0.1.7.tgz",
      "integrity": "sha512-XfyWmsHDxvKhYiThwmE/2KiRFw1wFm+crn5pNDhB/DlTlAxH5et9LNrBToADc5hp0HpTOs/hXVFjQSjy8D5NWA==",
      "requires": {
        "nulldot.js": "^0.1.6"
      }
    }
  }
}
